
Microsoft Visual Studio Solution File, Format Version 12.00
Project("{FAE04EC0-301F-11D3-BF4B-00C04F79EFBC}") = "XWindowManager", "XWindowManager\XWindowManager.csproj", "{BA889FD5-58F7-4377-A6DD-8E99F7ED039C}"
EndProject
Global
	GlobalSection(SolutionConfigurationPlatforms) = preSolution
		Debug|Any CPU = Debug|Any CPU
		Release|Any CPU = Release|Any CPU
	EndGlobalSection
	GlobalSection(ProjectConfigurationPlatforms) = postSolution
		{BA889FD5-58F7-4377-A6DD-8E99F7ED039C}.Debug|Any CPU.ActiveCfg = Debug|Any CPU
		{BA889FD5-58F7-4377-A6DD-8E99F7ED039C}.Debug|Any CPU.Build.0 = Debug|Any CPU
		{BA889FD5-58F7-4377-A6DD-8E99F7ED039C}.Release|Any CPU.ActiveCfg = Release|Any CPU
		{BA889FD5-58F7-4377-A6DD-8E99F7ED039C}.Release|Any CPU.Build.0 = Release|Any CPU
	EndGlobalSection
EndGlobal
